
Microsoft Visual Studio Solution File, Format Version 12.00
# Visual Studio Version 17
VisualStudioVersion = 17.14.36414.22 d17.14
MinimumVisualStudioVersion = 10.0.40219.1
Project("{FAE04EC0-301F-11D3-BF4B-00C04F79EFBC}") = "navigation", "navigation\navigation.csproj", "{FC6F9125-6DC6-41E5-A8E2-6A40CFEECC5A}"
EndProject
Global
	GlobalSection(SolutionConfigurationPlatforms) = preSolution
		Debug|Any CPU = Debug|Any CPU
		Release|Any CPU = Release|Any CPU
	EndGlobalSection
	GlobalSection(ProjectConfigurationPlatforms) = postSolution
		{FC6F9125-6DC6-41E5-A8E2-6A40CFEECC5A}.Debug|Any CPU.ActiveCfg = Debug|Any CPU
		{FC6F9125-6DC6-41E5-A8E2-6A40CFEECC5A}.Debug|Any CPU.Build.0 = Debug|Any CPU
		{FC6F9125-6DC6-41E5-A8E2-6A40CFEECC5A}.Debug|Any CPU.Deploy.0 = Debug|Any CPU
		{FC6F9125-6DC6-41E5-A8E2-6A40CFEECC5A}.Release|Any CPU.ActiveCfg = Release|Any CPU
		{FC6F9125-6DC6-41E5-A8E2-6A40CFEECC5A}.Release|Any CPU.Build.0 = Release|Any CPU
		{FC6F9125-6DC6-41E5-A8E2-6A40CFEECC5A}.Release|Any CPU.Deploy.0 = Release|Any CPU
	EndGlobalSection
	GlobalSection(SolutionProperties) = preSolution
		HideSolutionNode = FALSE
	EndGlobalSection
	GlobalSection(ExtensibilityGlobals) = postSolution
		SolutionGuid = {1CDAAF09-6EC0-46DA-BC4E-728AF78D2FD1}
	EndGlobalSection
EndGlobal
