
Microsoft Visual Studio Solution File, Format Version 12.00
# Visual Studio Version 17
VisualStudioVersion = 17.14.36414.22 d17.14
MinimumVisualStudioVersion = 10.0.40219.1
Project("{FAE04EC0-301F-11D3-BF4B-00C04F79EFBC}") = "http client", "http client.csproj", "{2BD83109-B760-449E-99FA-82B12AA01A46}"
EndProject
Global
	GlobalSection(SolutionConfigurationPlatforms) = preSolution
		Debug|Any CPU = Debug|Any CPU
		Release|Any CPU = Release|Any CPU
	EndGlobalSection
	GlobalSection(ProjectConfigurationPlatforms) = postSolution
		{2BD83109-B760-449E-99FA-82B12AA01A46}.Debug|Any CPU.ActiveCfg = Debug|Any CPU
		{2BD83109-B760-449E-99FA-82B12AA01A46}.Debug|Any CPU.Build.0 = Debug|Any CPU
		{2BD83109-B760-449E-99FA-82B12AA01A46}.Release|Any CPU.ActiveCfg = Release|Any CPU
		{2BD83109-B760-449E-99FA-82B12AA01A46}.Release|Any CPU.Build.0 = Release|Any CPU
	EndGlobalSection
	GlobalSection(SolutionProperties) = preSolution
		HideSolutionNode = FALSE
	EndGlobalSection
	GlobalSection(ExtensibilityGlobals) = postSolution
		SolutionGuid = {F348FEEE-26EF-4DD8-A60A-96273EB5A838}
	EndGlobalSection
EndGlobal
