
Microsoft Visual Studio Solution File, Format Version 12.00
# Visual Studio Version 17
VisualStudioVersion = 17.14.36414.22 d17.14
MinimumVisualStudioVersion = 10.0.40219.1
Project("{FAE04EC0-301F-11D3-BF4B-00C04F79EFBC}") = "set", "set.csproj", "{604F3A2D-711C-41FD-9A7D-8376FDA26B0C}"
EndProject
Project("{FAE04EC0-301F-11D3-BF4B-00C04F79EFBC}") = "extra", "..\extra\extra.csproj", "{151CB578-5F10-47EE-AB99-E91234E035B9}"
EndProject
Project("{FAE04EC0-301F-11D3-BF4B-00C04F79EFBC}") = "new extra", "..\new extra\new extra.csproj", "{98298E6C-8395-4EF4-AC9F-79F72E4B9B03}"
EndProject
Project("{FAE04EC0-301F-11D3-BF4B-00C04F79EFBC}") = "new new wxtrs", "..\new new wxtrs\new new wxtrs.csproj", "{ABC923E4-A0E7-4D02-904C-2E84FE5FF592}"
EndProject
Global
	GlobalSection(SolutionConfigurationPlatforms) = preSolution
		Debug|Any CPU = Debug|Any CPU
		Release|Any CPU = Release|Any CPU
	EndGlobalSection
	GlobalSection(ProjectConfigurationPlatforms) = postSolution
		{604F3A2D-711C-41FD-9A7D-8376FDA26B0C}.Debug|Any CPU.ActiveCfg = Debug|Any CPU
		{604F3A2D-711C-41FD-9A7D-8376FDA26B0C}.Debug|Any CPU.Build.0 = Debug|Any CPU
		{604F3A2D-711C-41FD-9A7D-8376FDA26B0C}.Release|Any CPU.ActiveCfg = Release|Any CPU
		{604F3A2D-711C-41FD-9A7D-8376FDA26B0C}.Release|Any CPU.Build.0 = Release|Any CPU
		{151CB578-5F10-47EE-AB99-E91234E035B9}.Debug|Any CPU.ActiveCfg = Debug|Any CPU
		{151CB578-5F10-47EE-AB99-E91234E035B9}.Debug|Any CPU.Build.0 = Debug|Any CPU
		{151CB578-5F10-47EE-AB99-E91234E035B9}.Release|Any CPU.ActiveCfg = Release|Any CPU
		{151CB578-5F10-47EE-AB99-E91234E035B9}.Release|Any CPU.Build.0 = Release|Any CPU
		{98298E6C-8395-4EF4-AC9F-79F72E4B9B03}.Debug|Any CPU.ActiveCfg = Debug|Any CPU
		{98298E6C-8395-4EF4-AC9F-79F72E4B9B03}.Debug|Any CPU.Build.0 = Debug|Any CPU
		{98298E6C-8395-4EF4-AC9F-79F72E4B9B03}.Release|Any CPU.ActiveCfg = Release|Any CPU
		{98298E6C-8395-4EF4-AC9F-79F72E4B9B03}.Release|Any CPU.Build.0 = Release|Any CPU
		{ABC923E4-A0E7-4D02-904C-2E84FE5FF592}.Debug|Any CPU.ActiveCfg = Debug|Any CPU
		{ABC923E4-A0E7-4D02-904C-2E84FE5FF592}.Debug|Any CPU.Build.0 = Debug|Any CPU
		{ABC923E4-A0E7-4D02-904C-2E84FE5FF592}.Release|Any CPU.ActiveCfg = Release|Any CPU
		{ABC923E4-A0E7-4D02-904C-2E84FE5FF592}.Release|Any CPU.Build.0 = Release|Any CPU
	EndGlobalSection
	GlobalSection(SolutionProperties) = preSolution
		HideSolutionNode = FALSE
	EndGlobalSection
	GlobalSection(ExtensibilityGlobals) = postSolution
		SolutionGuid = {C4F12096-B455-4F67-BFD9-C82FD3034AA8}
	EndGlobalSection
EndGlobal
