
Microsoft Visual Studio Solution File, Format Version 12.00
# Visual Studio Version 17
VisualStudioVersion = 17.14.36414.22
MinimumVisualStudioVersion = 10.0.40219.1
Project("{FAE04EC0-301F-11D3-BF4B-00C04F79EFBC}") = "company_messenger", "company_messenger\company_messenger.csproj", "{9BAFF83A-2FC8-4328-A01C-4776E0DF7B2D}"
EndProject
Project("{FAE04EC0-301F-11D3-BF4B-00C04F79EFBC}") = "MessageServerrrr", "MessageServer\MessageServerrrr.csproj", "{79B51B1C-08C4-4E16-8182-659B1E6008DF}"
EndProject
Project("{FAE04EC0-301F-11D3-BF4B-00C04F79EFBC}") = "MessageClient", "MessageClient\MessageClient.csproj", "{19E72F6D-E251-47A1-86B1-9145FB9958EC}"
EndProject
Project("{FAE04EC0-301F-11D3-BF4B-00C04F79EFBC}") = "MessangerWinForms", "MessangerWinForms\MessangerWinForms.csproj", "{587E8FD8-0876-4C12-8DEB-9982CD478E5D}"
EndProject
Global
	GlobalSection(SolutionConfigurationPlatforms) = preSolution
		Debug|Any CPU = Debug|Any CPU
		Release|Any CPU = Release|Any CPU
	EndGlobalSection
	GlobalSection(ProjectConfigurationPlatforms) = postSolution
		{9BAFF83A-2FC8-4328-A01C-4776E0DF7B2D}.Debug|Any CPU.ActiveCfg = Debug|Any CPU
		{9BAFF83A-2FC8-4328-A01C-4776E0DF7B2D}.Debug|Any CPU.Build.0 = Debug|Any CPU
		{9BAFF83A-2FC8-4328-A01C-4776E0DF7B2D}.Release|Any CPU.ActiveCfg = Release|Any CPU
		{9BAFF83A-2FC8-4328-A01C-4776E0DF7B2D}.Release|Any CPU.Build.0 = Release|Any CPU
		{79B51B1C-08C4-4E16-8182-659B1E6008DF}.Debug|Any CPU.ActiveCfg = Debug|Any CPU
		{79B51B1C-08C4-4E16-8182-659B1E6008DF}.Debug|Any CPU.Build.0 = Debug|Any CPU
		{79B51B1C-08C4-4E16-8182-659B1E6008DF}.Release|Any CPU.ActiveCfg = Release|Any CPU
		{79B51B1C-08C4-4E16-8182-659B1E6008DF}.Release|Any CPU.Build.0 = Release|Any CPU
		{19E72F6D-E251-47A1-86B1-9145FB9958EC}.Debug|Any CPU.ActiveCfg = Debug|Any CPU
		{19E72F6D-E251-47A1-86B1-9145FB9958EC}.Debug|Any CPU.Build.0 = Debug|Any CPU
		{19E72F6D-E251-47A1-86B1-9145FB9958EC}.Release|Any CPU.ActiveCfg = Release|Any CPU
		{19E72F6D-E251-47A1-86B1-9145FB9958EC}.Release|Any CPU.Build.0 = Release|Any CPU
		{587E8FD8-0876-4C12-8DEB-9982CD478E5D}.Debug|Any CPU.ActiveCfg = Debug|Any CPU
		{587E8FD8-0876-4C12-8DEB-9982CD478E5D}.Debug|Any CPU.Build.0 = Debug|Any CPU
		{587E8FD8-0876-4C12-8DEB-9982CD478E5D}.Release|Any CPU.ActiveCfg = Release|Any CPU
		{587E8FD8-0876-4C12-8DEB-9982CD478E5D}.Release|Any CPU.Build.0 = Release|Any CPU
	EndGlobalSection
	GlobalSection(SolutionProperties) = preSolution
		HideSolutionNode = FALSE
	EndGlobalSection
	GlobalSection(ExtensibilityGlobals) = postSolution
		SolutionGuid = {06634CF4-4DC7-49AF-850E-343CA7972F86}
	EndGlobalSection
EndGlobal
