
Microsoft Visual Studio Solution File, Format Version 12.00
# Visual Studio Version 17
VisualStudioVersion = 17.14.36414.22 d17.14
MinimumVisualStudioVersion = 10.0.40219.1
Project("{FAE04EC0-301F-11D3-BF4B-00C04F79EFBC}") = "market", "market\market.csproj", "{F594F3FF-1AA3-449B-90E8-049D398C9E1A}"
EndProject
Global
	GlobalSection(SolutionConfigurationPlatforms) = preSolution
		Debug|Any CPU = Debug|Any CPU
		Release|Any CPU = Release|Any CPU
	EndGlobalSection
	GlobalSection(ProjectConfigurationPlatforms) = postSolution
		{F594F3FF-1AA3-449B-90E8-049D398C9E1A}.Debug|Any CPU.ActiveCfg = Debug|Any CPU
		{F594F3FF-1AA3-449B-90E8-049D398C9E1A}.Debug|Any CPU.Build.0 = Debug|Any CPU
		{F594F3FF-1AA3-449B-90E8-049D398C9E1A}.Debug|Any CPU.Deploy.0 = Debug|Any CPU
		{F594F3FF-1AA3-449B-90E8-049D398C9E1A}.Release|Any CPU.ActiveCfg = Release|Any CPU
		{F594F3FF-1AA3-449B-90E8-049D398C9E1A}.Release|Any CPU.Build.0 = Release|Any CPU
		{F594F3FF-1AA3-449B-90E8-049D398C9E1A}.Release|Any CPU.Deploy.0 = Release|Any CPU
	EndGlobalSection
	GlobalSection(SolutionProperties) = preSolution
		HideSolutionNode = FALSE
	EndGlobalSection
	GlobalSection(ExtensibilityGlobals) = postSolution
		SolutionGuid = {8DAC3839-3C4B-4AD5-BC91-441B60B9C8FC}
	EndGlobalSection
EndGlobal
