
Microsoft Visual Studio Solution File, Format Version 12.00
# Visual Studio Version 17
VisualStudioVersion = 17.14.36414.22
MinimumVisualStudioVersion = 10.0.40219.1
Project("{FAE04EC0-301F-11D3-BF4B-00C04F79EFBC}") = "MVVM", "MVVM.csproj", "{8ACC6D94-40C9-4B30-807B-A2D40D3EDDB7}"
EndProject
Global
	GlobalSection(SolutionConfigurationPlatforms) = preSolution
		Debug|Any CPU = Debug|Any CPU
		Release|Any CPU = Release|Any CPU
	EndGlobalSection
	GlobalSection(ProjectConfigurationPlatforms) = postSolution
		{8ACC6D94-40C9-4B30-807B-A2D40D3EDDB7}.Debug|Any CPU.ActiveCfg = Debug|Any CPU
		{8ACC6D94-40C9-4B30-807B-A2D40D3EDDB7}.Debug|Any CPU.Build.0 = Debug|Any CPU
		{8ACC6D94-40C9-4B30-807B-A2D40D3EDDB7}.Debug|Any CPU.Deploy.0 = Debug|Any CPU
		{8ACC6D94-40C9-4B30-807B-A2D40D3EDDB7}.Release|Any CPU.ActiveCfg = Release|Any CPU
		{8ACC6D94-40C9-4B30-807B-A2D40D3EDDB7}.Release|Any CPU.Build.0 = Release|Any CPU
		{8ACC6D94-40C9-4B30-807B-A2D40D3EDDB7}.Release|Any CPU.Deploy.0 = Release|Any CPU
	EndGlobalSection
	GlobalSection(SolutionProperties) = preSolution
		HideSolutionNode = FALSE
	EndGlobalSection
	GlobalSection(ExtensibilityGlobals) = postSolution
		SolutionGuid = {632AFD42-931F-4690-979A-65C4C5DAF11F}
	EndGlobalSection
EndGlobal
